Microsoft Visual Studio Solution File, Format Version 12.00
# Visual Studio Version 17
VisualStudioVersion = 17.5.2.0
MinimumVisualStudioVersion = 10.0.40219.1
Project("{FAE04EC0-301F-11D3-BF4B-00C04F79EFBC}") = "DogTrainingWeb", "DogTrainingWeb\DogTrainingWeb.csproj", "{2B51ED0C-69F3-9592-2D33-4CDDDB1ADC2F}"
EndProject
Global
	GlobalSection(SolutionConfigurationPlatforms) = preSolution
		Debug|Any CPU = Debug|Any CPU
		Release|Any CPU = Release|Any CPU
	EndGlobalSection
	GlobalSection(ProjectConfigurationPlatforms) = postSolution
		{2B51ED0C-69F3-9592-2D33-4CDDDB1ADC2F}.Debug|Any CPU.ActiveCfg = Debug|Any CPU
		{2B51ED0C-69F3-9592-2D33-4CDDDB1ADC2F}.Debug|Any CPU.Build.0 = Debug|Any CPU
		{2B51ED0C-69F3-9592-2D33-4CDDDB1ADC2F}.Release|Any CPU.ActiveCfg = Release|Any CPU
		{2B51ED0C-69F3-9592-2D33-4CDDDB1ADC2F}.Release|Any CPU.Build.0 = Release|Any CPU
	EndGlobalSection
	GlobalSection(SolutionProperties) = preSolution
		HideSolutionNode = FALSE
	EndGlobalSection
	GlobalSection(ExtensibilityGlobals) = postSolution
		SolutionGuid = {419F939B-A512-4B2A-82A1-5DE070B313BF}
	EndGlobalSection
EndGlobal
